
Microsoft Visual Studio Solution File, Format Version 12.00
# Visual Studio Version 17
VisualStudioVersion = 17.12.35309.182
MinimumVisualStudioVersion = 10.0.40219.1
Project("{FAE04EC0-301F-11D3-BF4B-00C04F79EFBC}") = "Task3", "Task3\Task3.csproj", "{4E4D6CF6-2D6B-4C91-A79A-388DF38D036A}"
EndProject
Global
	GlobalSection(SolutionConfigurationPlatforms) = preSolution
		Debug|Any CPU = Debug|Any CPU
		Release|Any CPU = Release|Any CPU
	EndGlobalSection
	GlobalSection(ProjectConfigurationPlatforms) = postSolution
		{4E4D6CF6-2D6B-4C91-A79A-388DF38D036A}.Debug|Any CPU.ActiveCfg = Debug|Any CPU
		{4E4D6CF6-2D6B-4C91-A79A-388DF38D036A}.Debug|Any CPU.Build.0 = Debug|Any CPU
		{4E4D6CF6-2D6B-4C91-A79A-388DF38D036A}.Release|Any CPU.ActiveCfg = Release|Any CPU
		{4E4D6CF6-2D6B-4C91-A79A-388DF38D036A}.Release|Any CPU.Build.0 = Release|Any CPU
	EndGlobalSection
	GlobalSection(SolutionProperties) = preSolution
		HideSolutionNode = FALSE
	EndGlobalSection
	GlobalSection(ExtensibilityGlobals) = postSolution
		SolutionGuid = {697C9EA9-33C4-4A74-AAE4-B5558193C14E}
	EndGlobalSection
EndGlobal
